{
  "lockfileVersion": 1,
  "workspaces": {
    "": {
      "name": "bun-react-template",
      "dependencies": {
        "jspdf": "^3.0.1",
        "react": "^19",
        "react-dom": "^19",
        "react-router-dom": "^7.6.1",
        "swiper": "^11.2.8",
      },
      "devDependencies": {
        "@types/bun": "latest",
        "@types/react": "^19",
        "@types/react-dom": "^19",
        "bun-plugin-tailwind": "^0.0.15",
        "tailwindcss": "^4.1.8",
      },
    },
  },
  "packages": {
    "@babel/runtime": ["@babel/runtime@7.27.6", "", {}, "sha512-vbavdySgbTTrmFE+EsiqUTzlOr5bzlnJtUv9PynGCAKvfQqjIXbvFdumPM/GxMDfyuGMJaJAU6TO4zc1Jf1i8Q=="],

    "@types/bun": ["@types/bun@1.2.15", "", { "dependencies": { "bun-types": "1.2.15" } }, "sha512-U1ljPdBEphF0nw1MIk0hI7kPg7dFdPyM7EenHsp6W5loNHl7zqy6JQf/RKCgnUn2KDzUpkBwHPnEJEjII594bA=="],

    "@types/node": ["@types/node@22.15.29", "", { "dependencies": { "undici-types": "~6.21.0" } }, "sha512-LNdjOkUDlU1RZb8e1kOIUpN1qQUlzGkEtbVNo53vbrwDg5om6oduhm4SiUaPW5ASTXhAiP0jInWG8Qx9fVlOeQ=="],

    "@types/raf": ["@types/raf@3.4.3", "", {}, "sha512-c4YAvMedbPZ5tEyxzQdMoOhhJ4RD3rngZIdwC2/qDN3d7JpEhB6fiBRKVY1lg5B7Wk+uPBjn5f39j1/2MY1oOw=="],

    "@types/react": ["@types/react@19.1.6", "", { "dependencies": { "csstype": "^3.0.2" } }, "sha512-JeG0rEWak0N6Itr6QUx+X60uQmN+5t3j9r/OVDtWzFXKaj6kD1BwJzOksD0FF6iWxZlbE1kB0q9vtnU2ekqa1Q=="],

    "@types/react-dom": ["@types/react-dom@19.1.5", "", { "peerDependencies": { "@types/react": "^19.0.0" } }, "sha512-CMCjrWucUBZvohgZxkjd6S9h0nZxXjzus6yDfUb+xLxYM7VvjKNH1tQrE9GWLql1XoOP4/Ds3bwFqShHUYraGg=="],

    "@types/trusted-types": ["@types/trusted-types@2.0.7", "", {}, "sha512-ScaPdn1dQczgbl0QFTeTOmVHFULt394XJgOQNoyVhZ6r2vLnMLJfBPd53SB52T/3G36VI1/g2MZaX0cwDuXsfw=="],

    "atob": ["atob@2.1.2", "", { "bin": { "atob": "bin/atob.js" } }, "sha512-Wm6ukoaOGJi/73p/cl2GvLjTI5JM1k/O14isD73YML8StrH/7/lRFgmg8nICZgD3bZZvjwCGxtMOD3wWNAu8cg=="],

    "base64-arraybuffer": ["base64-arraybuffer@1.0.2", "", {}, "sha512-I3yl4r9QB5ZRY3XuJVEPfc2XhZO6YweFPI+UovAzn+8/hb3oJ6lnysaFcjVpkCPfVWFUDvoZ8kmVDP7WyRtYtQ=="],

    "btoa": ["btoa@1.2.1", "", { "bin": { "btoa": "bin/btoa.js" } }, "sha512-SB4/MIGlsiVkMcHmT+pSmIPoNDoHg+7cMzmt3Uxt628MTz2487DKSqK/fuhFBrkuqrYv5UCEnACpF4dTFNKc/g=="],

    "bun-plugin-tailwind": ["bun-plugin-tailwind@0.0.15", "", { "peerDependencies": { "typescript": "^5.0.0" } }, "sha512-qtAXMNGG4R0UGGI8zWrqm2B7BdXqx48vunJXBPzfDOHPA5WkRUZdTSbE7TFwO4jLhYqSE23YMWsM9NhE6ovobw=="],

    "bun-types": ["bun-types@1.2.15", "", { "dependencies": { "@types/node": "*" } }, "sha512-NarRIaS+iOaQU1JPfyKhZm4AsUOrwUOqRNHY0XxI8GI8jYxiLXLcdjYMG9UKS+fwWasc1uw1htV9AX24dD+p4w=="],

    "canvg": ["canvg@3.0.11", "", { "dependencies": { "@babel/runtime": "^7.12.5", "@types/raf": "^3.4.0", "core-js": "^3.8.3", "raf": "^3.4.1", "regenerator-runtime": "^0.13.7", "rgbcolor": "^1.0.1", "stackblur-canvas": "^2.0.0", "svg-pathdata": "^6.0.3" } }, "sha512-5ON+q7jCTgMp9cjpu4Jo6XbvfYwSB2Ow3kzHKfIyJfaCAOHLbdKPQqGKgfED/R5B+3TFFfe8pegYA+b423SRyA=="],

    "cookie": ["cookie@1.0.2", "", {}, "sha512-9Kr/j4O16ISv8zBBhJoi4bXOYNTkFLOqSL3UDB0njXxCXNezjeyVrJyGOWtgfs/q2km1gwBcfH8q1yEGoMYunA=="],

    "core-js": ["core-js@3.42.0", "", {}, "sha512-Sz4PP4ZA+Rq4II21qkNqOEDTDrCvcANId3xpIgB34NDkWc3UduWj2dqEtN9yZIq8Dk3HyPI33x9sqqU5C8sr0g=="],

    "css-line-break": ["css-line-break@2.1.0", "", { "dependencies": { "utrie": "^1.0.2" } }, "sha512-FHcKFCZcAha3LwfVBhCQbW2nCNbkZXn7KVUJcsT5/P8YmfsVja0FMPJr0B903j/E69HUphKiV9iQArX8SDYA4w=="],

    "csstype": ["csstype@3.1.3", "", {}, "sha512-M1uQkMl8rQK/szD0LNhtqxIPLpimGm8sOBwU7lLnCpSbTyY3yeU1Vc7l4KT5zT4s/yOxHH5O7tIuuLOCnLADRw=="],

    "dompurify": ["dompurify@3.2.6", "", { "optionalDependencies": { "@types/trusted-types": "^2.0.7" } }, "sha512-/2GogDQlohXPZe6D6NOgQvXLPSYBqIWMnZ8zzOhn09REE4eyAzb+Hed3jhoM9OkuaJ8P6ZGTTVWQKAi8ieIzfQ=="],

    "fflate": ["fflate@0.8.2", "", {}, "sha512-cPJU47OaAoCbg0pBvzsgpTPhmhqI5eJjh/JIu8tPj5q+T7iLvW/JAYUqmE7KOB4R1ZyEhzBaIQpQpardBF5z8A=="],

    "html2canvas": ["html2canvas@1.4.1", "", { "dependencies": { "css-line-break": "^2.1.0", "text-segmentation": "^1.0.3" } }, "sha512-fPU6BHNpsyIhr8yyMpTLLxAbkaK8ArIBcmZIRiBLiDhjeqvXolaEmDGmELFuX9I4xDcaKKcJl+TKZLqruBbmWA=="],

    "jspdf": ["jspdf@3.0.1", "", { "dependencies": { "@babel/runtime": "^7.26.7", "atob": "^2.1.2", "btoa": "^1.2.1", "fflate": "^0.8.1" }, "optionalDependencies": { "canvg": "^3.0.11", "core-js": "^3.6.0", "dompurify": "^3.2.4", "html2canvas": "^1.0.0-rc.5" } }, "sha512-qaGIxqxetdoNnFQQXxTKUD9/Z7AloLaw94fFsOiJMxbfYdBbrBuhWmbzI8TVjrw7s3jBY1PFHofBKMV/wZPapg=="],

    "performance-now": ["performance-now@2.1.0", "", {}, "sha512-7EAHlyLHI56VEIdK57uwHdHKIaAGbnXPiw0yWbarQZOKaKpvUIgW0jWRVLiatnM+XXlSwsanIBH/hzGMJulMow=="],

    "raf": ["raf@3.4.1", "", { "dependencies": { "performance-now": "^2.1.0" } }, "sha512-Sq4CW4QhwOHE8ucn6J34MqtZCeWFP2aQSmrlroYgqAV1PjStIhJXxYuTgUIfkEk7zTLjmIjLmU5q+fbD1NnOJA=="],

    "react": ["react@19.1.0", "", {}, "sha512-FS+XFBNvn3GTAWq26joslQgWNoFu08F4kl0J4CgdNKADkdSGXQyTCnKteIAJy96Br6YbpEU1LSzV5dYtjMkMDg=="],

    "react-dom": ["react-dom@19.1.0", "", { "dependencies": { "scheduler": "^0.26.0" }, "peerDependencies": { "react": "^19.1.0" } }, "sha512-Xs1hdnE+DyKgeHJeJznQmYMIBG3TKIHJJT95Q58nHLSrElKlGQqDTR2HQ9fx5CN/Gk6Vh/kupBTDLU11/nDk/g=="],

    "react-router": ["react-router@7.6.1", "", { "dependencies": { "cookie": "^1.0.1", "set-cookie-parser": "^2.6.0" }, "peerDependencies": { "react": ">=18", "react-dom": ">=18" }, "optionalPeers": ["react-dom"] }, "sha512-hPJXXxHJZEsPFNVbtATH7+MMX43UDeOauz+EAU4cgqTn7ojdI9qQORqS8Z0qmDlL1TclO/6jLRYUEtbWidtdHQ=="],

    "react-router-dom": ["react-router-dom@7.6.1", "", { "dependencies": { "react-router": "7.6.1" }, "peerDependencies": { "react": ">=18", "react-dom": ">=18" } }, "sha512-vxU7ei//UfPYQ3iZvHuO1D/5fX3/JOqhNTbRR+WjSBWxf9bIvpWK+ftjmdfJHzPOuMQKe2fiEdG+dZX6E8uUpA=="],

    "regenerator-runtime": ["regenerator-runtime@0.13.11", "", {}, "sha512-kY1AZVr2Ra+t+piVaJ4gxaFaReZVH40AKNo7UCX6W+dEwBo/2oZJzqfuN1qLq1oL45o56cPaTXELwrTh8Fpggg=="],

    "rgbcolor": ["rgbcolor@1.0.1", "", {}, "sha512-9aZLIrhRaD97sgVhtJOW6ckOEh6/GnvQtdVNfdZ6s67+3/XwLS9lBcQYzEEhYVeUowN7pRzMLsyGhK2i/xvWbw=="],

    "scheduler": ["scheduler@0.26.0", "", {}, "sha512-NlHwttCI/l5gCPR3D1nNXtWABUmBwvZpEQiD4IXSbIDq8BzLIK/7Ir5gTFSGZDUu37K5cMNp0hFtzO38sC7gWA=="],

    "set-cookie-parser": ["set-cookie-parser@2.7.1", "", {}, "sha512-IOc8uWeOZgnb3ptbCURJWNjWUPcO3ZnTTdzsurqERrP6nPyv+paC55vJM0LpOlT2ne+Ix+9+CRG1MNLlyZ4GjQ=="],

    "stackblur-canvas": ["stackblur-canvas@2.7.0", "", {}, "sha512-yf7OENo23AGJhBriGx0QivY5JP6Y1HbrrDI6WLt6C5auYZXlQrheoY8hD4ibekFKz1HOfE48Ww8kMWMnJD/zcQ=="],

    "svg-pathdata": ["svg-pathdata@6.0.3", "", {}, "sha512-qsjeeq5YjBZ5eMdFuUa4ZosMLxgr5RZ+F+Y1OrDhuOCEInRMA3x74XdBtggJcj9kOeInz0WE+LgCPDkZFlBYJw=="],

    "swiper": ["swiper@11.2.8", "", {}, "sha512-S5FVf6zWynPWooi7pJ7lZhSUe2snTzqLuUzbd5h5PHUOhzgvW0bLKBd2wv0ixn6/5o9vwc/IkQT74CRcLJQzeg=="],

    "tailwindcss": ["tailwindcss@4.1.8", "", {}, "sha512-kjeW8gjdxasbmFKpVGrGd5T4i40mV5J2Rasw48QARfYeQ8YS9x02ON9SFWax3Qf616rt4Cp3nVNIj6Hd1mP3og=="],

    "text-segmentation": ["text-segmentation@1.0.3", "", { "dependencies": { "utrie": "^1.0.2" } }, "sha512-iOiPUo/BGnZ6+54OsWxZidGCsdU8YbE4PSpdPinp7DeMtUJNJBoJ/ouUSTJjHkh1KntHaltHl/gDs2FC4i5+Nw=="],

    "typescript": ["typescript@5.8.3", "", { "bin": { "tsc": "bin/tsc", "tsserver": "bin/tsserver" } }, "sha512-p1diW6TqL9L07nNxvRMM7hMMw4c5XOo/1ibL4aAIGmSAt9slTE1Xgw5KWuof2uTOvCg9BY7ZRi+GaF+7sfgPeQ=="],

    "undici-types": ["undici-types@6.21.0", "", {}, "sha512-iwDZqg0QAGrg9Rav5H4n0M64c3mkR59cJ6wQp+7C4nI0gsmExaedaYLNO44eT4AtBBwjbTiGPMlt2Md0T9H9JQ=="],

    "utrie": ["utrie@1.0.2", "", { "dependencies": { "base64-arraybuffer": "^1.0.2" } }, "sha512-1MLa5ouZiOmQzUbjbu9VmjLzn1QLXBhwpUa7kdLUQK+KQ5KA9I1vk5U4YHe/X2Ch7PYnJfWuWT+VbuxbGwljhw=="],
  }
}
